{
  "originHash" : "62a791ebb1bb3670d66863f5dfbf38b3e9aaa39ba3ddd63405cde19e4849dccb",
  "pins" : [
    {
      "identity" : "adrevenueclient",
      "kind" : "remoteSourceControl",
      "location" : "https://github.com/mahainc/AdRevenueClient.git",
      "state" : {
        "revision" : "9556f9bcd9149030162fa5b74a4bb976966ba8b6",
        "version" : "4.1.0"
      }
    },
    {
      "identity" : "combine-schedulers",
      "kind" : "remoteSourceControl",
      "location" : "https://github.com/pointfreeco/combine-schedulers",
      "state" : {
        "revision" : "114354e8c1667a2edc4993700fb9fa4f90157b56",
        "version" : "1.2.2"
      }
    },
    {
      "identity" : "flow-kit",
      "kind" : "remoteSourceControl",
      "location" : "https://github.com/mahainc/flow-kit.git",
      "state" : {
        "revision" : "5b914fb02ec01039f9e9d5ad5e237ec92c87cc42",
        "version" : "1.2.65-26.1.1-ffi"
      }
    },
    {
      "identity" : "funnelclient",
      "kind" : "remoteSourceControl",
      "location" : "https://github.com/mahainc/FunnelClient.git",
      "state" : {
        "revision" : "68bfb0484a308d77ec5325d3b6d33febf1bea33d",
        "version" : "9.0.0"
      }
    },
    {
      "identity" : "hapticclient",
      "kind" : "remoteSourceControl",
      "location" : "https://github.com/mahainc/HapticClient.git",
      "state" : {
        "revision" : "b837d12209e66556483a2956675d6c7e1a2added",
        "version" : "0.1.0"
      }
    },
    {
      "identity" : "logclient",
      "kind" : "remoteSourceControl",
      "location" : "https://github.com/mahainc/LogClient.git",
      "state" : {
        "revision" : "ad98bb22e21f57a42efe6edec96fef21080d6005",
        "version" : "0.3.0"
      }
    },
    {
      "identity" : "popupview",
      "kind" : "remoteSourceControl",
      "location" : "https://github.com/exyte/PopupView.git",
      "state" : {
        "revision" : "e053f5066f0e8feee5e053a50445ac2819e4b937",
        "version" : "5.0.6"
      }
    },
    {
      "identity" : "swift-case-paths",
      "kind" : "remoteSourceControl",
      "location" : "https://github.com/pointfreeco/swift-case-paths.git",
      "state" : {
        "revision" : "cb4cba6a8a46a86db0d37dbe09935ead6b24c91a",
        "version" : "1.10.0"
      }
    },
    {
      "identity" : "swift-clocks",
      "kind" : "remoteSourceControl",
      "location" : "https://github.com/pointfreeco/swift-clocks",
      "state" : {
        "revision" : "82440fa0a8b1c381a6d1e8e0fc7bbba53ec63204",
        "version" : "1.1.1"
      }
    },
    {
      "identity" : "swift-collections",
      "kind" : "remoteSourceControl",
      "location" : "https://github.com/apple/swift-collections",
      "state" : {
        "revision" : "a66de878e87ef5a3d5d390e0f6d9002aa5541a43",
        "version" : "1.7.0"
      }
    },
    {
      "identity" : "swift-composable-architecture",
      "kind" : "remoteSourceControl",
      "location" : "https://github.com/pointfreeco/swift-composable-architecture.git",
      "state" : {
        "revision" : "377da4061db10d26337a71bb279c506bb951f50f",
        "version" : "1.26.2"
      }
    },
    {
      "identity" : "swift-concurrency-extras",
      "kind" : "remoteSourceControl",
      "location" : "https://github.com/pointfreeco/swift-concurrency-extras",
      "state" : {
        "revision" : "5fa253428866f2360c3754e88537f700ed2656b5",
        "version" : "1.4.1"
      }
    },
    {
      "identity" : "swift-custom-dump",
      "kind" : "remoteSourceControl",
      "location" : "https://github.com/pointfreeco/swift-custom-dump",
      "state" : {
        "revision" : "4fb9e7cbb4b8f5a7354005db39447f570d6b3e19",
        "version" : "1.7.3"
      }
    },
    {
      "identity" : "swift-dependencies",
      "kind" : "remoteSourceControl",
      "location" : "https://github.com/pointfreeco/swift-dependencies.git",
      "state" : {
        "revision" : "b476cc5761057d8d857de063fe7ac8daecf5c06b",
        "version" : "1.17.1"
      }
    },
    {
      "identity" : "swift-identified-collections",
      "kind" : "remoteSourceControl",
      "location" : "https://github.com/pointfreeco/swift-identified-collections",
      "state" : {
        "revision" : "322d9ffeeba85c9f7c4984b39422ec7cc3c56597",
        "version" : "1.1.1"
      }
    },
    {
      "identity" : "swift-navigation",
      "kind" : "remoteSourceControl",
      "location" : "https://github.com/pointfreeco/swift-navigation",
      "state" : {
        "revision" : "7e95e5e9ff0a64f6ad8bca59083f8d6ba381b6ff",
        "version" : "2.11.2"
      }
    },
    {
      "identity" : "swift-package-manager-google-mobile-ads",
      "kind" : "remoteSourceControl",
      "location" : "https://github.com/googleads/swift-package-manager-google-mobile-ads.git",
      "state" : {
        "revision" : "12b7af0f844723a86fd3c0089b02f64b1e495605",
        "version" : "13.10.0"
      }
    },
    {
      "identity" : "swift-package-manager-google-user-messaging-platform",
      "kind" : "remoteSourceControl",
      "location" : "https://github.com/googleads/swift-package-manager-google-user-messaging-platform.git",
      "state" : {
        "revision" : "13b248eaa73b7826f0efb1bcf455e251d65ecb1b",
        "version" : "3.1.0"
      }
    },
    {
      "identity" : "swift-perception",
      "kind" : "remoteSourceControl",
      "location" : "https://github.com/pointfreeco/swift-perception",
      "state" : {
        "revision" : "597afd46249f4a71885b95d26b26cc5b893daf32",
        "version" : "2.0.12"
      }
    },
    {
      "identity" : "swift-protobuf",
      "kind" : "remoteSourceControl",
      "location" : "https://github.com/apple/swift-protobuf.git",
      "state" : {
        "revision" : "55d7a1cc5666b85c13464aea1c4b4a90feccb4c8",
        "version" : "1.38.1"
      }
    },
    {
      "identity" : "swift-sharing",
      "kind" : "remoteSourceControl",
      "location" : "https://github.com/pointfreeco/swift-sharing",
      "state" : {
        "revision" : "3552faf8a6c18ce896ec5a72bd8c34755f0f03e0",
        "version" : "2.10.1"
      }
    },
    {
      "identity" : "swift-syntax",
      "kind" : "remoteSourceControl",
      "location" : "https://github.com/swiftlang/swift-syntax",
      "state" : {
        "revision" : "050f1a346fbbac0ca2cfb15a95274f7bd1cf0ccf",
        "version" : "604.0.0"
      }
    },
    {
      "identity" : "tcainitializablereducer",
      "kind" : "remoteSourceControl",
      "location" : "https://github.com/mahainc/TCAInitializableReducer.git",
      "state" : {
        "revision" : "a576bb3619c4160d4d33dd2c07f9f12e2f1a0ff8",
        "version" : "0.1.0"
      }
    },
    {
      "identity" : "xctest-dynamic-overlay",
      "kind" : "remoteSourceControl",
      "location" : "https://github.com/pointfreeco/xctest-dynamic-overlay",
      "state" : {
        "revision" : "d9308ad679143c26a30dec52daefe82f54af2b82",
        "version" : "1.13.1"
      }
    }
  ],
  "version" : 3
}
